
Microsoft Visual Studio Solution File, Format Version 12.00
# Visual Studio Version 17
VisualStudioVersion = 17.10.34928.147
MinimumVisualStudioVersion = 10.0.40219.1
Project("{FAE04EC0-301F-11D3-BF4B-00C04F79EFBC}") = "PruebaImagineApps", "PruebaImagineApps.csproj", "{B0F38CFB-8BAB-49A8-82CA-505548068E7D}"
EndProject
Global
	GlobalSection(SolutionConfigurationPlatforms) = preSolution
		Debug|Any CPU = Debug|Any CPU
		Release|Any CPU = Release|Any CPU
	EndGlobalSection
	GlobalSection(ProjectConfigurationPlatforms) = postSolution
		{B0F38CFB-8BAB-49A8-82CA-505548068E7D}.Debug|Any CPU.ActiveCfg = Debug|Any CPU
		{B0F38CFB-8BAB-49A8-82CA-505548068E7D}.Debug|Any CPU.Build.0 = Debug|Any CPU
		{B0F38CFB-8BAB-49A8-82CA-505548068E7D}.Release|Any CPU.ActiveCfg = Release|Any CPU
		{B0F38CFB-8BAB-49A8-82CA-505548068E7D}.Release|Any CPU.Build.0 = Release|Any CPU
	EndGlobalSection
	GlobalSection(SolutionProperties) = preSolution
		HideSolutionNode = FALSE
	EndGlobalSection
	GlobalSection(ExtensibilityGlobals) = postSolution
		SolutionGuid = {0017CEB3-F3CF-4609-B1B2-4F1FD8FA2DF5}
	EndGlobalSection
EndGlobal
